Microsoft Visual Studio Solution File, Format Version 12.00
# Visual Studio Version 17
VisualStudioVersion = 17.5.2.0
MinimumVisualStudioVersion = 10.0.40219.1
Project("{FAE04EC0-301F-11D3-BF4B-00C04F79EFBC}") = "mapgenerator", "mapgenerator\mapgenerator.csproj", "{68B39733-B533-DBCB-DFE2-A26FFDEB7606}"
EndProject
Global
	GlobalSection(SolutionConfigurationPlatforms) = preSolution
		Debug|Any CPU = Debug|Any CPU
		Release|Any CPU = Release|Any CPU
	EndGlobalSection
	GlobalSection(ProjectConfigurationPlatforms) = postSolution
		{68B39733-B533-DBCB-DFE2-A26FFDEB7606}.Debug|Any CPU.ActiveCfg = Debug|Any CPU
		{68B39733-B533-DBCB-DFE2-A26FFDEB7606}.Debug|Any CPU.Build.0 = Debug|Any CPU
		{68B39733-B533-DBCB-DFE2-A26FFDEB7606}.Release|Any CPU.ActiveCfg = Release|Any CPU
		{68B39733-B533-DBCB-DFE2-A26FFDEB7606}.Release|Any CPU.Build.0 = Release|Any CPU
	EndGlobalSection
	GlobalSection(SolutionProperties) = preSolution
		HideSolutionNode = FALSE
	EndGlobalSection
	GlobalSection(ExtensibilityGlobals) = postSolution
		SolutionGuid = {74CD7CCD-60D4-446E-8E38-C656DAA7B365}
	EndGlobalSection
EndGlobal
